
Microsoft Visual Studio Solution File, Format Version 12.00
# Visual Studio Version 17
VisualStudioVersion = 17.5.001.0
MinimumVisualStudioVersion = 10.0.40219.1
Project("{9A19103F-16F7-4668-BE54-9A1E7A4F7556}") = "TodoApi", "TodoApi.csproj", "{1C849460-C110-48C9-8759-F029D9749037}"
EndProject
Global
	GlobalSection(SolutionConfigurationPlatforms) = preSolution
		Debug|Any CPU = Debug|Any CPU
		Release|Any CPU = Release|Any CPU
	EndGlobalSection
	GlobalSection(ProjectConfigurationPlatforms) = postSolution
		{1C849460-C110-48C9-8759-F029D9749037}.Debug|Any CPU.ActiveCfg = Debug|Any CPU
		{1C849460-C110-48C9-8759-F029D9749037}.Debug|Any CPU.Build.0 = Debug|Any CPU
		{1C849460-C110-48C9-8759-F029D9749037}.Release|Any CPU.ActiveCfg = Release|Any CPU
		{1C849460-C110-48C9-8759-F029D9749037}.Release|Any CPU.Build.0 = Release|Any CPU
	EndGlobalSection
	GlobalSection(SolutionProperties) = preSolution
		HideSolutionNode = FALSE
	EndGlobalSection
	GlobalSection(ExtensibilityGlobals) = postSolution
		SolutionGuid = {A9003A96-5A3D-451F-8156-3FF47B6D4D2A}
	EndGlobalSection
EndGlobal
